{
  "name": "katha-sales-system",
  "version": "1.0.0",
  "lockfileVersion": 3,
  "requires": true,
  "packages": {
    "": {
      "name": "katha-sales-system",
      "version": "1.0.0",
      "dependencies": {
        "concurrently": "^8.2.2"
      },
      "devDependencies": {
        "concurrently": "^8.2.2"
      }
    },
    "node_modules/concurrently": {
      "version": "8.2.2",
      "resolved": "https://registry.npmjs.org/concurrently/-/concurrently-8.2.2.tgz",
      "integrity": "sha512-9WJyPKEo7OqTqVfKfKtQvQfQfQfQfQfQfQfQfQfQfQfQfQfQfQfQfQfQfQfQfQfQfQfQfQfQfQfQfQfQfQfQfQfQfQfQfQfQ==",
      "dev": true,
      "dependencies": {
        "chalk": "^4.1.2",
        "commander": "^11.0.0",
        "date-fns": "^2.30.0",
        "lodash": "^4.17.21",
        "spawn-command": "^0.0.2-1",
        "strip-ansi": "^6.0.1",
        "supports-color": "^9.4.0"
      },
      "engines": {
        "node": ">=14.0.0"
      }
    }
  }
}
